%{"bbmustache": {:hex, :bbmustache, "1.0.3"},
  "certifi": {:hex, :certifi, "0.3.0"},
  "combine": {:hex, :combine, "0.7.0"},
  "conform": {:hex, :conform, "0.17.0"},
  "conform_exrm": {:hex, :conform_exrm, "0.2.0"},
  "edeliver": {:git, "https://github.com/boldpoker/edeliver.git", "9e0f62c60f7311db30c4345bb361a91fbf61a7b9", []},
  "erlware_commons": {:hex, :erlware_commons, "0.15.0"},
  "exjsx": {:hex, :exjsx, "3.2.0"},
  "expr": {:git, "https://github.com/elpassion/expr.git", "58dfef472d471881da01a57a8a2ab02347816dd1", []},
  "exrm": {:hex, :exrm, "0.19.9"},
  "getopt": {:hex, :getopt, "0.8.2"},
  "hackney": {:hex, :hackney, "1.4.8"},
  "httpoison": {:hex, :httpoison, "0.8.1"},
  "idna": {:hex, :idna, "1.0.3"},
  "inflex": {:hex, :inflex, "1.0.0"},
  "jsx": {:hex, :jsx, "2.6.2"},
  "mimerl": {:hex, :mimerl, "1.0.2"},
  "neotoma": {:hex, :neotoma, "1.7.3"},
  "poison": {:hex, :poison, "1.5.2"},
  "providers": {:hex, :providers, "1.4.1"},
  "relx": {:hex, :relx, "3.5.0"},
  "slacker": {:hex, :slacker, "0.0.1"},
  "ssl_verify_hostname": {:hex, :ssl_verify_hostname, "1.0.5"},
  "timex": {:hex, :timex, "1.0.1"},
  "tzdata": {:hex, :tzdata, "0.5.6"},
  "websocket_client": {:git, "https://github.com/jeremyong/websocket_client.git", "f6892c8b55004008ce2d52be7d98b156f3e34569", []}}
